Microsoft Visual Studio Solution File, Format Version 12.00
# Visual Studio Version 17
VisualStudioVersion = 17.5.2.0
MinimumVisualStudioVersion = 10.0.40219.1
Project("{FAE04EC0-301F-11D3-BF4B-00C04F79EFBC}") = "GoldenGroupAPI", "GoldenGroupAPI.csproj", "{42476CAF-BF01-A177-2045-589EAEDD4AEF}"
EndProject
Global
	GlobalSection(SolutionConfigurationPlatforms) = preSolution
		Debug|Any CPU = Debug|Any CPU
		Release|Any CPU = Release|Any CPU
	EndGlobalSection
	GlobalSection(ProjectConfigurationPlatforms) = postSolution
		{42476CAF-BF01-A177-2045-589EAEDD4AEF}.Debug|Any CPU.ActiveCfg = Debug|Any CPU
		{42476CAF-BF01-A177-2045-589EAEDD4AEF}.Debug|Any CPU.Build.0 = Debug|Any CPU
		{42476CAF-BF01-A177-2045-589EAEDD4AEF}.Release|Any CPU.ActiveCfg = Release|Any CPU
		{42476CAF-BF01-A177-2045-589EAEDD4AEF}.Release|Any CPU.Build.0 = Release|Any CPU
	EndGlobalSection
	GlobalSection(SolutionProperties) = preSolution
		HideSolutionNode = FALSE
	EndGlobalSection
	GlobalSection(ExtensibilityGlobals) = postSolution
		SolutionGuid = {930A6EC7-7354-4B56-9139-70A7918BB4CA}
	EndGlobalSection
EndGlobal
